// !$*UTF8*$!
{
	archiveVersion = 1;
	classes = {
	};
	objectVersion = 48;
	objects = {

/* Begin PBXBuildFile section */
		59B0D7121FF3D81B005330D5 /* AppDelegate.swift in Sources */ = {isa = PBXBuildFile; fileRef = 59B0D7111FF3D81B005330D5 /* AppDelegate.swift */; };
		59B0D7141FF3D81B005330D5 /* ViewController.swift in Sources */ = {isa = PBXBuildFile; fileRef = 59B0D7131FF3D81B005330D5 /* ViewController.swift */; };
		59B0D7171FF3D81B005330D5 /* Main.storyboard in Resources */ = {isa = PBXBuildFile; fileRef = 59B0D7151FF3D81B005330D5 /* Main.storyboard */; };
		59B0D7191FF3D81B005330D5 /* Assets.xcassets in Resources */ = {isa = PBXBuildFile; fileRef = 59B0D7181FF3D81B005330D5 /* Assets.xcassets */; };
		59B0D71C1FF3D81B005330D5 /* LaunchScreen.storyboard in Resources */ = {isa = PBXBuildFile; fileRef = 59B0D71A1FF3D81B005330D5 /* LaunchScreen.storyboard */; };
		59B0D95C1FF51DDA005330D5 /* ProgressView.swift in Sources */ = {isa = PBXBuildFile; fileRef = 59B0D95B1FF51DDA005330D5 /* ProgressView.swift */; };
/* End PBXBuildFile section */

/* Begin PBXFileReference section */
		59B0D70E1FF3D81B005330D5 /* DataParseDemo.app */ = {isa = PBXFileReference; explicitFileType = wrapper.application; includeInIndex = 0; path = DataParseDemo.app; sourceTree = BUILT_PRODUCTS_DIR; };
		59B0D7111FF3D81B005330D5 /* AppDelegate.swift */ = {isa = PBXFileReference; lastKnownFileType = sourcecode.swift; path = AppDelegate.swift; sourceTree = "<group>"; };
		59B0D7131FF3D81B005330D5 /* ViewController.swift */ = {isa = PBXFileReference; lastKnownFileType = sourcecode.swift; path = ViewController.swift; sourceTree = "<group>"; };
		59B0D7161FF3D81B005330D5 /* Base */ = {isa = PBXFileReference; lastKnownFileType = file.storyboard; name = Base; path = Base.lproj/Main.storyboard; sourceTree = "<group>"; };
		59B0D7181FF3D81B005330D5 /* Assets.xcassets */ = {isa = PBXFileReference; lastKnownFileType = folder.assetcatalog; path = Assets.xcassets; sourceTree = "<group>"; };
		59B0D71B1FF3D81B005330D5 /* Base */ = {isa = PBXFileReference; lastKnownFileType = file.storyboard; name = Base; path = Base.lproj/LaunchScreen.storyboard; sourceTree = "<group>"; };
		59B0D71D1FF3D81B005330D5 /* Info.plist */ = {isa = PBXFileReference; lastKnownFileType = text.plist.xml; path = Info.plist; sourceTree = "<group>"; };
		59B0D95B1FF51DDA005330D5 /* ProgressView.swift */ = {isa = PBXFileReference; fileEncoding = 4; lastKnownFileType = sourcecode.swift; path = ProgressView.swift; sourceTree = "<group>"; };
/* End PBXFileReference section */

/* Begin PBXFrameworksBuildPhase section */
		59B0D70B1FF3D81B005330D5 /* Frameworks */ = {
			isa = PBXFrameworksBuildPhase;
			buildActionMask = 2147483647;
			files = (
			);
			runOnlyForDeploymentPostprocessing = 0;
		};
/* End PBXFrameworksBuildPhase section */

/* Begin PBXGroup section */
		59B0D7051FF3D81A005330D5 = {
			isa = PBXGroup;
			children = (
				59B0D7101FF3D81B005330D5 /* DataParseDemo */,
				59B0D70F1FF3D81B005330D5 /* Products */,
			);
			sourceTree = "<group>";
		};
		59B0D70F1FF3D81B005330D5 /* Products */ = {
			isa = PBXGroup;
			children = (
				59B0D70E1FF3D81B005330D5 /* DataParseDemo.app */,
			);
			name = Products;
			sourceTree = "<group>";
		};
		59B0D7101FF3D81B005330D5 /* DataParseDemo */ = {
			isa = PBXGroup;
			children = (
				59B0D95B1FF51DDA005330D5 /* ProgressView.swift */,
				59B0D7111FF3D81B005330D5 /* AppDelegate.swift */,
				59B0D7131FF3D81B005330D5 /* ViewController.swift */,
				59B0D7151FF3D81B005330D5 /* Main.storyboard */,
				59B0D7181FF3D81B005330D5 /* Assets.xcassets */,
				59B0D71A1FF3D81B005330D5 /* LaunchScreen.storyboard */,
				59B0D71D1FF3D81B005330D5 /* Info.plist */,
			);
			path = DataParseDemo;
			sourceTree = "<group>";
		};
/* End PBXGroup section */

/* Begin PBXNativeTarget section */
		59B0D70D1FF3D81B005330D5 /* DataParseDemo */ = {
			isa = PBXNativeTarget;
			buildConfigurationList = 59B0D7201FF3D81B005330D5 /* Build configuration list for PBXNativeTarget "DataParseDemo" */;
			buildPhases = (
				59B0D70A1FF3D81B005330D5 /* Sources */,
				59B0D70B1FF3D81B005330D5 /* Frameworks */,
				59B0D70C1FF3D81B005330D5 /* Resources */,
				59B0D9581FF3ECCD005330D5 /* ShellScript */,
			);
			buildRules = (
			);
			dependencies = (
			);
			name = DataParseDemo;
			productName = DataParseDemo;
			productReference = 59B0D70E1FF3D81B005330D5 /* DataParseDemo.app */;
			productType = "com.apple.product-type.application";
		};
/* End PBXNativeTarget section */

/* Begin PBXProject section */
		59B0D7061FF3D81A005330D5 /* Project object */ = {
			isa = PBXProject;
			attributes = {
				LastSwiftUpdateCheck = 0920;
				LastUpgradeCheck = 0920;
				ORGANIZATIONNAME = Diaspark;
				TargetAttributes = {
					59B0D70D1FF3D81B005330D5 = {
						CreatedOnToolsVersion = 9.2;
						ProvisioningStyle = Manual;
					};
				};
			};
			buildConfigurationList = 59B0D7091FF3D81A005330D5 /* Build configuration list for PBXProject "DataParseDemo" */;
			compatibilityVersion = "Xcode 8.0";
			developmentRegion = en;
			hasScannedForEncodings = 0;
			knownRegions = (
				en,
				Base,
			);
			mainGroup = 59B0D7051FF3D81A005330D5;
			productRefGroup = 59B0D70F1FF3D81B005330D5 /* Products */;
			projectDirPath = "";
			projectRoot = "";
			targets = (
				59B0D70D1FF3D81B005330D5 /* DataParseDemo */,
			);
		};
/* End PBXProject section */

/* Begin PBXResourcesBuildPhase section */
		59B0D70C1FF3D81B005330D5 /* Resources */ = {
			isa = PBXResourcesBuildPhase;
			buildActionMask = 2147483647;
			files = (
				59B0D71C1FF3D81B005330D5 /* LaunchScreen.storyboard in Resources */,
				59B0D7191FF3D81B005330D5 /* Assets.xcassets in Resources */,
				59B0D7171FF3D81B005330D5 /* Main.storyboard in Resources */,
			);
			runOnlyForDeploymentPostprocessing = 0;
		};
/* End PBXResourcesBuildPhase section */

/* Begin PBXShellScriptBuildPhase section */
		59B0D9581FF3ECCD005330D5 /* ShellScript */ = {
			isa = PBXShellScriptBuildPhase;
			buildActionMask = 2147483647;
			files = (
			);
			inputPaths = (
			);
			outputPaths = (
			);
			runOnlyForDeploymentPostprocessing = 0;
			shellPath = /bin/sh;
			shellScript = "";
		};
/* End PBXShellScriptBuildPhase section */

/* Begin PBXSourcesBuildPhase section */
		59B0D70A1FF3D81B005330D5 /* Sources */ = {
			isa = PBXSourcesBuildPhase;
			buildActionMask = 2147483647;
			files = (
				59B0D7141FF3D81B005330D5 /* ViewController.swift in Sources */,
				59B0D7121FF3D81B005330D5 /* AppDelegate.swift in Sources */,
				59B0D95C1FF51DDA005330D5 /* ProgressView.swift in Sources */,
			);
			runOnlyForDeploymentPostprocessing = 0;
		};
/* End PBXSourcesBuildPhase section */

/* Begin PBXVariantGroup section */
		59B0D7151FF3D81B005330D5 /* Main.storyboard */ = {
			isa = PBXVariantGroup;
			children = (
				59B0D7161FF3D81B005330D5 /* Base */,
			);
			name = Main.storyboard;
			sourceTree = "<group>";
		};
		59B0D71A1FF3D81B005330D5 /* LaunchScreen.storyboard */ = {
			isa = PBXVariantGroup;
			children = (
				59B0D71B1FF3D81B005330D5 /* Base */,
			);
			name = LaunchScreen.storyboard;
			sourceTree = "<group>";
		};
/* End PBXVariantGroup section */

/* Begin XCBuildConfiguration section */
		59B0D71E1FF3D81B005330D5 /* Debug */ = {
			isa = XCBuildConfiguration;
			buildSettings = {
				ALWAYS_SEARCH_USER_PATHS = NO;
				CLANG_ANALYZER_NONNULL = YES;
				CLANG_ANALYZER_NUMBER_OBJECT_CONVERSION = YES_AGGRESSIVE;
				CLANG_CXX_LANGUAGE_STANDARD = "gnu++14";
				CLANG_CXX_LIBRARY = "libc++";
				CLANG_ENABLE_MODULES = YES;
				CLANG_ENABLE_OBJC_ARC = YES;
				CLANG_WARN_BLOCK_CAPTURE_AUTORELEASING = YES;
				CLANG_WARN_BOOL_CONVERSION = YES;
				CLANG_WARN_COMMA = YES;
				CLANG_WARN_CONSTANT_CONVERSION = YES;
				CLANG_WARN_DIRECT_OBJC_ISA_USAGE = YES_ERROR;
				CLANG_WARN_DOCUMENTATION_COMMENTS = YES;
				CLANG_WARN_EMPTY_BODY = YES;
				CLANG_WARN_ENUM_CONVERSION = YES;
				CLANG_WARN_INFINITE_RECURSION = YES;
				CLANG_WARN_INT_CONVERSION = YES;
				CLANG_WARN_NON_LITERAL_NULL_CONVERSION = YES;
				CLANG_WARN_OBJC_LITERAL_CONVERSION = YES;
				CLANG_WARN_OBJC_ROOT_CLASS = YES_ERROR;
				CLANG_WARN_RANGE_LOOP_ANALYSIS = YES;
				CLANG_WARN_STRICT_PROTOTYPES = YES;
				CLANG_WARN_SUSPICIOUS_MOVE = YES;
				CLANG_WARN_UNGUARDED_AVAILABILITY = YES_AGGRESSIVE;
				CLANG_WARN_UNREACHABLE_CODE = YES;
				CLANG_WARN__DUPLICATE_METHOD_MATCH = YES;
				CODE_SIGN_IDENTITY = "iPhone Developer";
				COPY_PHASE_STRIP = NO;
				DEBUG_INFORMATION_FORMAT = dwarf;
				ENABLE_STRICT_OBJC_MSGSEND = YES;
				ENABLE_TESTABILITY = YES;
				GCC_C_LANGUAGE_STANDARD = gnu11;
				GCC_DYNAMIC_NO_PIC = NO;
				GCC_NO_COMMON_BLOCKS = YES;
				GCC_OPTIMIZATION_LEVEL = 0;
				GCC_PREPROCESSOR_DEFINITIONS = (
					"DEBUG=1",
					"$(inherited)",
				);
				GCC_WARN_64_TO_32_BIT_CONVERSION = YES;
				GCC_WARN_ABOUT_RETURN_TYPE = YES_ERROR;
				GCC_WARN_UNDECLARED_SELECTOR = YES;
				GCC_WARN_UNINITIALIZED_AUTOS = YES_AGGRESSIVE;
				GCC_WARN_UNUSED_FUNCTION = YES;
				GCC_WARN_UNUSED_VARIABLE = YES;
				IPHONEOS_DEPLOYMENT_TARGET = 11.2;
				MTL_ENABLE_DEBUG_INFO = YES;
				ONLY_ACTIVE_ARCH = YES;
				SDKROOT = iphoneos;
				SWIFT_ACTIVE_COMPILATION_CONDITIONS = DEBUG;
				SWIFT_OPTIMIZATION_LEVEL = "-Onone";
			};
			name = Debug;
		};
		59B0D71F1FF3D81B005330D5 /* Release */ = {
			isa = XCBuildConfiguration;
			buildSettings = {
				ALWAYS_SEARCH_USER_PATHS = NO;
				CLANG_ANALYZER_NONNULL = YES;
				CLANG_ANALYZER_NUMBER_OBJECT_CONVERSION = YES_AGGRESSIVE;
				CLANG_CXX_LANGUAGE_STANDARD = "gnu++14";
				CLANG_CXX_LIBRARY = "libc++";
				CLANG_ENABLE_MODULES = YES;
				CLANG_ENABLE_OBJC_ARC = YES;
				CLANG_WARN_BLOCK_CAPTURE_AUTORELEASING = YES;
				CLANG_WARN_BOOL_CONVERSION = YES;
				CLANG_WARN_COMMA = YES;
				CLANG_WARN_CONSTANT_CONVERSION = YES;
				CLANG_WARN_DIRECT_OBJC_ISA_USAGE = YES_ERROR;
				CLANG_WARN_DOCUMENTATION_COMMENTS = YES;
				CLANG_WARN_EMPTY_BODY = YES;
				CLANG_WARN_ENUM_CONVERSION = YES;
				CLANG_WARN_INFINITE_RECURSION = YES;
				CLANG_WARN_INT_CONVERSION = YES;
				CLANG_WARN_NON_LITERAL_NULL_CONVERSION = YES;
				CLANG_WARN_OBJC_LITERAL_CONVERSION = YES;
				CLANG_WARN_OBJC_ROOT_CLASS = YES_ERROR;
				CLANG_WARN_RANGE_LOOP_ANALYSIS = YES;
				CLANG_WARN_STRICT_PROTOTYPES = YES;
				CLANG_WARN_SUSPICIOUS_MOVE = YES;
				CLANG_WARN_UNGUARDED_AVAILABILITY = YES_AGGRESSIVE;
				CLANG_WARN_UNREACHABLE_CODE = YES;
				CLANG_WARN__DUPLICATE_METHOD_MATCH = YES;
				CODE_SIGN_IDENTITY = "iPhone Developer";
				COPY_PHASE_STRIP = NO;
				DEBUG_INFORMATION_FORMAT = "dwarf-with-dsym";
				ENABLE_NS_ASSERTIONS = NO;
				ENABLE_STRICT_OBJC_MSGSEND = YES;
				GCC_C_LANGUAGE_STANDARD = gnu11;
				GCC_NO_COMMON_BLOCKS = YES;
				GCC_WARN_64_TO_32_BIT_CONVERSION = YES;
				GCC_WARN_ABOUT_RETURN_TYPE = YES_ERROR;
				GCC_WARN_UNDECLARED_SELECTOR = YES;
				GCC_WARN_UNINITIALIZED_AUTOS = YES_AGGRESSIVE;
				GCC_WARN_UNUSED_FUNCTION = YES;
				GCC_WARN_UNUSED_VARIABLE = YES;
				IPHONEOS_DEPLOYMENT_TARGET = 11.2;
				MTL_ENABLE_DEBUG_INFO = NO;
				SDKROOT = iphoneos;
				SWIFT_OPTIMIZATION_LEVEL = "-Owholemodule";
				VALIDATE_PRODUCT = YES;
			};
			name = Release;
		};
		59B0D7211FF3D81B005330D5 /* Debug */ = {
			isa = XCBuildConfiguration;
			buildSettings = {
				ASSETCATALOG_COMPILER_APPICON_NAME = AppIcon;
				CODE_SIGN_STYLE = Manual;
				DEVELOPMENT_TEAM = C5QA7FJ674;
				INFOPLIST_FILE = DataParseDemo/Info.plist;
				IPHONEOS_DEPLOYMENT_TARGET = 9.0;
				LD_RUNPATH_SEARCH_PATHS = "$(inherited) @executable_path/Frameworks";
				LIBRARY_SEARCH_PATHS = (
					"$(inherited)",
					"$(PROJECT_DIR)/chilkat-9.5.0-ios9/lib/arm64",
					"$(PROJECT_DIR)/chilkat-9.5.0-ios9/lib/armv7",
					"$(PROJECT_DIR)/chilkat-9.5.0-ios9/lib/armv7s",
					"$(PROJECT_DIR)/chilkat-9.5.0-ios9/lib/i386",
					"$(PROJECT_DIR)/chilkat-9.5.0-ios9/lib/x86_64",
				);
				PRODUCT_BUNDLE_IDENTIFIER = com.diaspark.DataParseDemo;
				PRODUCT_NAME = "$(TARGET_NAME)";
				PROVISIONING_PROFILE = "2f7ff358-cf5d-4920-867c-05e38284f074";
				PROVISIONING_PROFILE_SPECIFIER = DiasparkDevelopementALL;
				SWIFT_VERSION = 4.0;
				TARGETED_DEVICE_FAMILY = "1,2";
			};
			name = Debug;
		};
		59B0D7221FF3D81B005330D5 /* Release */ = {
			isa = XCBuildConfiguration;
			buildSettings = {
				ASSETCATALOG_COMPILER_APPICON_NAME = AppIcon;
				CODE_SIGN_STYLE = Manual;
				DEVELOPMENT_TEAM = C5QA7FJ674;
				INFOPLIST_FILE = DataParseDemo/Info.plist;
				IPHONEOS_DEPLOYMENT_TARGET = 9.0;
				LD_RUNPATH_SEARCH_PATHS = "$(inherited) @executable_path/Frameworks";
				LIBRARY_SEARCH_PATHS = (
					"$(inherited)",
					"$(PROJECT_DIR)/chilkat-9.5.0-ios9/lib/arm64",
					"$(PROJECT_DIR)/chilkat-9.5.0-ios9/lib/armv7",
					"$(PROJECT_DIR)/chilkat-9.5.0-ios9/lib/armv7s",
					"$(PROJECT_DIR)/chilkat-9.5.0-ios9/lib/i386",
					"$(PROJECT_DIR)/chilkat-9.5.0-ios9/lib/x86_64",
				);
				PRODUCT_BUNDLE_IDENTIFIER = com.diaspark.DataParseDemo;
				PRODUCT_NAME = "$(TARGET_NAME)";
				PROVISIONING_PROFILE = "2f7ff358-cf5d-4920-867c-05e38284f074";
				PROVISIONING_PROFILE_SPECIFIER = DiasparkDevelopementALL;
				SWIFT_VERSION = 4.0;
				TARGETED_DEVICE_FAMILY = "1,2";
			};
			name = Release;
		};
/* End XCBuildConfiguration section */

/* Begin XCConfigurationList section */
		59B0D7091FF3D81A005330D5 /* Build configuration list for PBXProject "DataParseDemo" */ = {
			isa = XCConfigurationList;
			buildConfigurations = (
				59B0D71E1FF3D81B005330D5 /* Debug */,
				59B0D71F1FF3D81B005330D5 /* Release */,
			);
			defaultConfigurationIsVisible = 0;
			defaultConfigurationName = Release;
		};
		59B0D7201FF3D81B005330D5 /* Build configuration list for PBXNativeTarget "DataParseDemo" */ = {
			isa = XCConfigurationList;
			buildConfigurations = (
				59B0D7211FF3D81B005330D5 /* Debug */,
				59B0D7221FF3D81B005330D5 /* Release */,
			);
			defaultConfigurationIsVisible = 0;
			defaultConfigurationName = Release;
		};
/* End XCConfigurationList section */
	};
	rootObject = 59B0D7061FF3D81A005330D5 /* Project object */;
}
